
Microsoft Visual Studio Solution File, Format Version 12.00
# Visual Studio 15
Project("{FAE04EC0-301F-11D3-BF4B-00C04F79EFBC}") = "kalkulator", "kalkulator\kalkulator.csproj", "{ADB3AF23-BCC1-4268-B581-EED1409E619C}"
EndProject
Global
	GlobalSection(SolutionConfigurationPlatforms) = preSolution
		Debug|x86 = Debug|x86
		Release|x86 = Release|x86
	EndGlobalSection
	GlobalSection(ProjectConfigurationPlatforms) = postSolution
		{ADB3AF23-BCC1-4268-B581-EED1409E619C}.Debug|x86.ActiveCfg = Debug|x86
		{ADB3AF23-BCC1-4268-B581-EED1409E619C}.Debug|x86.Build.0 = Debug|x86
		{ADB3AF23-BCC1-4268-B581-EED1409E619C}.Release|x86.ActiveCfg = Release|x86
		{ADB3AF23-BCC1-4268-B581-EED1409E619C}.Release|x86.Build.0 = Release|x86
	EndGlobalSection
EndGlobal
